// !$*UTF8*$!
{
	archiveVersion = 1;
	classes = {
	};
	objectVersion = 77;
	objects = {

/* Begin PBXBuildFile section */
		FAB823843030E23D0021C187 /* gitswitch.sh in Resources */ = {isa = PBXBuildFile; fileRef = FAB823833030E22F0021C187 /* gitswitch.sh */; };
		FAB823863030E2680021C187 /* .gitignore in Resources */ = {isa = PBXBuildFile; fileRef = FAB823853030E25D0021C187 /* .gitignore */; };
/* End PBXBuildFile section */

/* Begin PBXContainerItemProxy section */
		FAB823543030E1470021C187 /* PBXContainerItemProxy */ = {
			isa = PBXContainerItemProxy;
			containerPortal = FAB8233C3030E1440021C187 /* Project object */;
			proxyType = 1;
			remoteGlobalIDString = FAB823433030E1440021C187;
			remoteInfo = urbanGrow;
		};
		FAB8235E3030E1470021C187 /* PBXContainerItemProxy */ = {
			isa = PBXContainerItemProxy;
			containerPortal = FAB8233C3030E1440021C187 /* Project object */;
			proxyType = 1;
			remoteGlobalIDString = FAB823433030E1440021C187;
			remoteInfo = urbanGrow;
		};
/* End PBXContainerItemProxy section */

/* Begin PBXFileReference section */
		FAB823443030E1440021C187 /* urbanGrow.app */ = {isa = PBXFileReference; explicitFileType = wrapper.application; includeInIndex = 0; path = urbanGrow.app; sourceTree = BUILT_PRODUCTS_DIR; };
		FAB823533030E1470021C187 /* urbanGrowTests.xctest */ = {isa = PBXFileReference; explicitFileType = wrapper.cfbundle; includeInIndex = 0; path = urbanGrowTests.xctest; sourceTree = BUILT_PRODUCTS_DIR; };
		FAB8235D3030E1470021C187 /* urbanGrowUITests.xctest */ = {isa = PBXFileReference; explicitFileType = wrapper.cfbundle; includeInIndex = 0; path = urbanGrowUITests.xctest; sourceTree = BUILT_PRODUCTS_DIR; };
		FAB823833030E22F0021C187 /* gitswitch.sh */ = {isa = PBXFileReference; lastKnownFileType = text.script.sh; path = gitswitch.sh; sourceTree = "<group>"; };
		FAB823853030E25D0021C187 /* .gitignore */ = {isa = PBXFileReference; lastKnownFileType = text; path = .gitignore; sourceTree = "<group>"; };
/* End PBXFileReference section */

/* Begin PBXFileSystemSynchronizedRootGroup section */
		FAB823463030E1440021C187 /* urbanGrow */ = {
			isa = PBXFileSystemSynchronizedRootGroup;
			path = urbanGrow;
			sourceTree = "<group>";
		};
		FAB823563030E1470021C187 /* urbanGrowTests */ = {
			isa = PBXFileSystemSynchronizedRootGroup;
			path = urbanGrowTests;
			sourceTree = "<group>";
		};
		FAB823603030E1470021C187 /* urbanGrowUITests */ = {
			isa = PBXFileSystemSynchronizedRootGroup;
			path = urbanGrowUITests;
			sourceTree = "<group>";
		};
		FAB823713030E1710021C187 /* ai */ = {
			isa = PBXFileSystemSynchronizedRootGroup;
			path = ai;
			sourceTree = "<group>";
		};
/* End PBXFileSystemSynchronizedRootGroup section */

/* Begin PBXFrameworksBuildPhase section */
		FAB823413030E1440021C187 /* Frameworks */ = {
			isa = PBXFrameworksBuildPhase;
			buildActionMask = 2147483647;
			files = (
			);
			runOnlyForDeploymentPostprocessing = 0;
		};
		FAB823503030E1470021C187 /* Frameworks */ = {
			isa = PBXFrameworksBuildPhase;
			buildActionMask = 2147483647;
			files = (
			);
			runOnlyForDeploymentPostprocessing = 0;
		};
		FAB8235A3030E1470021C187 /* Frameworks */ = {
			isa = PBXFrameworksBuildPhase;
			buildActionMask = 2147483647;
			files = (
			);
			runOnlyForDeploymentPostprocessing = 0;
		};
/* End PBXFrameworksBuildPhase section */

/* Begin PBXGroup section */
		FAB8233B3030E1440021C187 = {
			isa = PBXGroup;
			children = (
				FAB823833030E22F0021C187 /* gitswitch.sh */,
				FAB823853030E25D0021C187 /* .gitignore */,
				FAB823713030E1710021C187 /* ai */,
				FAB823463030E1440021C187 /* urbanGrow */,
				FAB823563030E1470021C187 /* urbanGrowTests */,
				FAB823603030E1470021C187 /* urbanGrowUITests */,
				FAB823453030E1440021C187 /* Products */,
			);
			sourceTree = "<group>";
		};
		FAB823453030E1440021C187 /* Products */ = {
			isa = PBXGroup;
			children = (
				FAB823443030E1440021C187 /* urbanGrow.app */,
				FAB823533030E1470021C187 /* urbanGrowTests.xctest */,
				FAB8235D3030E1470021C187 /* urbanGrowUITests.xctest */,
			);
			name = Products;
			sourceTree = "<group>";
		};
/* End PBXGroup section */

/* Begin PBXNativeTarget section */
		FAB823433030E1440021C187 /* urbanGrow */ = {
			isa = PBXNativeTarget;
			buildConfigurationList = FAB823673030E1470021C187 /* Build configuration list for PBXNativeTarget "urbanGrow" */;
			buildPhases = (
				FAB823403030E1440021C187 /* Sources */,
				FAB823413030E1440021C187 /* Frameworks */,
				FAB823423030E1440021C187 /* Resources */,
			);
			buildRules = (
			);
			dependencies = (
			);
			fileSystemSynchronizedGroups = (
				FAB823463030E1440021C187 /* urbanGrow */,
				FAB823713030E1710021C187 /* ai */,
			);
			name = urbanGrow;
			packageProductDependencies = (
			);
			productName = urbanGrow;
			productReference = FAB823443030E1440021C187 /* urbanGrow.app */;
			productType = "com.apple.product-type.application";
		};
		FAB823523030E1470021C187 /* urbanGrowTests */ = {
			isa = PBXNativeTarget;
			buildConfigurationList = FAB8236A3030E1470021C187 /* Build configuration list for PBXNativeTarget "urbanGrowTests" */;
			buildPhases = (
				FAB8234F3030E1470021C187 /* Sources */,
				FAB823503030E1470021C187 /* Frameworks */,
				FAB823513030E1470021C187 /* Resources */,
			);
			buildRules = (
			);
			dependencies = (
				FAB823553030E1470021C187 /* PBXTargetDependency */,
			);
			fileSystemSynchronizedGroups = (
				FAB823563030E1470021C187 /* urbanGrowTests */,
			);
			name = urbanGrowTests;
			packageProductDependencies = (
			);
			productName = urbanGrowTests;
			productReference = FAB823533030E1470021C187 /* urbanGrowTests.xctest */;
			productType = "com.apple.product-type.bundle.unit-test";
		};
		FAB8235C3030E1470021C187 /* urbanGrowUITests */ = {
			isa = PBXNativeTarget;
			buildConfigurationList = FAB8236D3030E1470021C187 /* Build configuration list for PBXNativeTarget "urbanGrowUITests" */;
			buildPhases = (
				FAB823593030E1470021C187 /* Sources */,
				FAB8235A3030E1470021C187 /* Frameworks */,
				FAB8235B3030E1470021C187 /* Resources */,
			);
			buildRules = (
			);
			dependencies = (
				FAB8235F3030E1470021C187 /* PBXTargetDependency */,
			);
			fileSystemSynchronizedGroups = (
				FAB823603030E1470021C187 /* urbanGrowUITests */,
			);
			name = urbanGrowUITests;
			packageProductDependencies = (
			);
			productName = urbanGrowUITests;
			productReference = FAB8235D3030E1470021C187 /* urbanGrowUITests.xctest */;
			productType = "com.apple.product-type.bundle.ui-testing";
		};
/* End PBXNativeTarget section */

/* Begin PBXProject section */
		FAB8233C3030E1440021C187 /* Project object */ = {
			isa = PBXProject;
			attributes = {
				BuildIndependentTargetsInParallel = 1;
				LastSwiftUpdateCheck = 2660;
				LastUpgradeCheck = 2660;
				TargetAttributes = {
					FAB823433030E1440021C187 = {
						CreatedOnToolsVersion = 26.6;
					};
					FAB823523030E1470021C187 = {
						CreatedOnToolsVersion = 26.6;
						TestTargetID = FAB823433030E1440021C187;
					};
					FAB8235C3030E1470021C187 = {
						CreatedOnToolsVersion = 26.6;
						TestTargetID = FAB823433030E1440021C187;
					};
				};
			};
			buildConfigurationList = FAB8233F3030E1440021C187 /* Build configuration list for PBXProject "urbanGrow" */;
			developmentRegion = en;
			hasScannedForEncodings = 0;
			knownRegions = (
				en,
				Base,
			);
			mainGroup = FAB8233B3030E1440021C187;
			minimizedProjectReferenceProxies = 1;
			preferredProjectObjectVersion = 77;
			productRefGroup = FAB823453030E1440021C187 /* Products */;
			projectDirPath = "";
			projectRoot = "";
			targets = (
				FAB823433030E1440021C187 /* urbanGrow */,
				FAB823523030E1470021C187 /* urbanGrowTests */,
				FAB8235C3030E1470021C187 /* urbanGrowUITests */,
			);
		};
/* End PBXProject section */

/* Begin PBXResourcesBuildPhase section */
		FAB823423030E1440021C187 /* Resources */ = {
			isa = PBXResourcesBuildPhase;
			buildActionMask = 2147483647;
			files = (
				FAB823863030E2680021C187 /* .gitignore in Resources */,
				FAB823843030E23D0021C187 /* gitswitch.sh in Resources */,
			);
			runOnlyForDeploymentPostprocessing = 0;
		};
		FAB823513030E1470021C187 /* Resources */ = {
			isa = PBXResourcesBuildPhase;
			buildActionMask = 2147483647;
			files = (
			);
			runOnlyForDeploymentPostprocessing = 0;
		};
		FAB8235B3030E1470021C187 /* Resources */ = {
			isa = PBXResourcesBuildPhase;
			buildActionMask = 2147483647;
			files = (
			);
			runOnlyForDeploymentPostprocessing = 0;
		};
/* End PBXResourcesBuildPhase section */

/* Begin PBXSourcesBuildPhase section */
		FAB823403030E1440021C187 /* Sources */ = {
			isa = PBXSourcesBuildPhase;
			buildActionMask = 2147483647;
			files = (
			);
			runOnlyForDeploymentPostprocessing = 0;
		};
		FAB8234F3030E1470021C187 /* Sources */ = {
			isa = PBXSourcesBuildPhase;
			buildActionMask = 2147483647;
			files = (
			);
			runOnlyForDeploymentPostprocessing = 0;
		};
		FAB823593030E1470021C187 /* Sources */ = {
			isa = PBXSourcesBuildPhase;
			buildActionMask = 2147483647;
			files = (
			);
			runOnlyForDeploymentPostprocessing = 0;
		};
/* End PBXSourcesBuildPhase section */

/* Begin PBXTargetDependency section */
		FAB823553030E1470021C187 /* PBXTargetDependency */ = {
			isa = PBXTargetDependency;
			target = FAB823433030E1440021C187 /* urbanGrow */;
			targetProxy = FAB823543030E1470021C187 /* PBXContainerItemProxy */;
		};
		FAB8235F3030E1470021C187 /* PBXTargetDependency */ = {
			isa = PBXTargetDependency;
			target = FAB823433030E1440021C187 /* urbanGrow */;
			targetProxy = FAB8235E3030E1470021C187 /* PBXContainerItemProxy */;
		};
/* End PBXTargetDependency section */

/* Begin XCBuildConfiguration section */
		FAB823653030E1470021C187 /* Debug */ = {
			isa = XCBuildConfiguration;
			buildSettings = {
				ALWAYS_SEARCH_USER_PATHS = NO;
				ASSETCATALOG_COMPILER_GENERATE_SWIFT_ASSET_SYMBOL_EXTENSIONS = YES;
				CLANG_ANALYZER_NONNULL = YES;
				CLANG_ANALYZER_NUMBER_OBJECT_CONVERSION = YES_AGGRESSIVE;
				CLANG_CXX_LANGUAGE_STANDARD = "gnu++20";
				CLANG_ENABLE_MODULES = YES;
				CLANG_ENABLE_OBJC_ARC = YES;
				CLANG_ENABLE_OBJC_WEAK = YES;
				CLANG_WARN_BLOCK_CAPTURE_AUTORELEASING = YES;
				CLANG_WARN_BOOL_CONVERSION = YES;
				CLANG_WARN_COMMA = YES;
				CLANG_WARN_CONSTANT_CONVERSION = YES;
				CLANG_WARN_DEPRECATED_OBJC_IMPLEMENTATIONS = YES;
				CLANG_WARN_DIRECT_OBJC_ISA_USAGE = YES_ERROR;
				CLANG_WARN_DOCUMENTATION_COMMENTS = YES;
				CLANG_WARN_EMPTY_BODY = YES;
				CLANG_WARN_ENUM_CONVERSION = YES;
				CLANG_WARN_INFINITE_RECURSION = YES;
				CLANG_WARN_INT_CONVERSION = YES;
				CLANG_WARN_NON_LITERAL_NULL_CONVERSION = YES;
				CLANG_WARN_OBJC_IMPLICIT_RETAIN_SELF = YES;
				CLANG_WARN_OBJC_LITERAL_CONVERSION = YES;
				CLANG_WARN_OBJC_ROOT_CLASS = YES_ERROR;
				CLANG_WARN_QUOTED_INCLUDE_IN_FRAMEWORK_HEADER = YES;
				CLANG_WARN_RANGE_LOOP_ANALYSIS = YES;
				CLANG_WARN_STRICT_PROTOTYPES = YES;
				CLANG_WARN_SUSPICIOUS_MOVE = YES;
				CLANG_WARN_UNGUARDED_AVAILABILITY = YES_AGGRESSIVE;
				CLANG_WARN_UNREACHABLE_CODE = YES;
				CLANG_WARN__DUPLICATE_METHOD_MATCH = YES;
				COPY_PHASE_STRIP = NO;
				DEBUG_INFORMATION_FORMAT = dwarf;
				ENABLE_STRICT_OBJC_MSGSEND = YES;
				ENABLE_TESTABILITY = YES;
				ENABLE_USER_SCRIPT_SANDBOXING = YES;
				GCC_C_LANGUAGE_STANDARD = gnu17;
				GCC_DYNAMIC_NO_PIC = NO;
				GCC_NO_COMMON_BLOCKS = YES;
				GCC_OPTIMIZATION_LEVEL = 0;
				GCC_PREPROCESSOR_DEFINITIONS = (
					"DEBUG=1",
					"$(inherited)",
				);
				GCC_WARN_64_TO_32_BIT_CONVERSION = YES;
				GCC_WARN_ABOUT_RETURN_TYPE = YES_ERROR;
				GCC_WARN_UNDECLARED_SELECTOR = YES;
				GCC_WARN_UNINITIALIZED_AUTOS = YES_AGGRESSIVE;
				GCC_WARN_UNUSED_FUNCTION = YES;
				GCC_WARN_UNUSED_VARIABLE = YES;
				IPHONEOS_DEPLOYMENT_TARGET = 26.5;
				LOCALIZATION_PREFERS_STRING_CATALOGS = YES;
				MTL_ENABLE_DEBUG_INFO = INCLUDE_SOURCE;
				MTL_FAST_MATH = YES;
				ONLY_ACTIVE_ARCH = YES;
				SDKROOT = iphoneos;
				SWIFT_ACTIVE_COMPILATION_CONDITIONS = "DEBUG $(inherited)";
				SWIFT_OPTIMIZATION_LEVEL = "-Onone";
			};
			name = Debug;
		};
		FAB823663030E1470021C187 /* Release */ = {
			isa = XCBuildConfiguration;
			buildSettings = {
				ALWAYS_SEARCH_USER_PATHS = NO;
				ASSETCATALOG_COMPILER_GENERATE_SWIFT_ASSET_SYMBOL_EXTENSIONS = YES;
				CLANG_ANALYZER_NONNULL = YES;
				CLANG_ANALYZER_NUMBER_OBJECT_CONVERSION = YES_AGGRESSIVE;
				CLANG_CXX_LANGUAGE_STANDARD = "gnu++20";
				CLANG_ENABLE_MODULES = YES;
				CLANG_ENABLE_OBJC_ARC = YES;
				CLANG_ENABLE_OBJC_WEAK = YES;
				CLANG_WARN_BLOCK_CAPTURE_AUTORELEASING = YES;
				CLANG_WARN_BOOL_CONVERSION = YES;
				CLANG_WARN_COMMA = YES;
				CLANG_WARN_CONSTANT_CONVERSION = YES;
				CLANG_WARN_DEPRECATED_OBJC_IMPLEMENTATIONS = YES;
				CLANG_WARN_DIRECT_OBJC_ISA_USAGE = YES_ERROR;
				CLANG_WARN_DOCUMENTATION_COMMENTS = YES;
				CLANG_WARN_EMPTY_BODY = YES;
				CLANG_WARN_ENUM_CONVERSION = YES;
				CLANG_WARN_INFINITE_RECURSION = YES;
				CLANG_WARN_INT_CONVERSION = YES;
				CLANG_WARN_NON_LITERAL_NULL_CONVERSION = YES;
				CLANG_WARN_OBJC_IMPLICIT_RETAIN_SELF = YES;
				CLANG_WARN_OBJC_LITERAL_CONVERSION = YES;
				CLANG_WARN_OBJC_ROOT_CLASS = YES_ERROR;
				CLANG_WARN_QUOTED_INCLUDE_IN_FRAMEWORK_HEADER = YES;
				CLANG_WARN_RANGE_LOOP_ANALYSIS = YES;
				CLANG_WARN_STRICT_PROTOTYPES = YES;
				CLANG_WARN_SUSPICIOUS_MOVE = YES;
				CLANG_WARN_UNGUARDED_AVAILABILITY = YES_AGGRESSIVE;
				CLANG_WARN_UNREACHABLE_CODE = YES;
				CLANG_WARN__DUPLICATE_METHOD_MATCH = YES;
				COPY_PHASE_STRIP = NO;
				DEBUG_INFORMATION_FORMAT = "dwarf-with-dsym";
				ENABLE_NS_ASSERTIONS = NO;
				ENABLE_STRICT_OBJC_MSGSEND = YES;
				ENABLE_USER_SCRIPT_SANDBOXING = YES;
				GCC_C_LANGUAGE_STANDARD = gnu17;
				GCC_NO_COMMON_BLOCKS = YES;
				GCC_WARN_64_TO_32_BIT_CONVERSION = YES;
				GCC_WARN_ABOUT_RETURN_TYPE = YES_ERROR;
				GCC_WARN_UNDECLARED_SELECTOR = YES;
				GCC_WARN_UNINITIALIZED_AUTOS = YES_AGGRESSIVE;
				GCC_WARN_UNUSED_FUNCTION = YES;
				GCC_WARN_UNUSED_VARIABLE = YES;
				IPHONEOS_DEPLOYMENT_TARGET = 26.5;
				LOCALIZATION_PREFERS_STRING_CATALOGS = YES;
				MTL_ENABLE_DEBUG_INFO = NO;
				MTL_FAST_MATH = YES;
				SDKROOT = iphoneos;
				SWIFT_COMPILATION_MODE = wholemodule;
				VALIDATE_PRODUCT = YES;
			};
			name = Release;
		};
		FAB823683030E1470021C187 /* Debug */ = {
			isa = XCBuildConfiguration;
			buildSettings = {
				ASSETCATALOG_COMPILER_APPICON_NAME = AppIcon;
				ASSETCATALOG_COMPILER_GLOBAL_ACCENT_COLOR_NAME = AccentColor;
				CODE_SIGN_STYLE = Automatic;
				CURRENT_PROJECT_VERSION = 1;
				ENABLE_PREVIEWS = YES;
				GENERATE_INFOPLIST_FILE = YES;
				INFOPLIST_KEY_NSCameraUsageDescription = "Aplikasi membutuhkan akses kamera untuk mendokumentasikan pertumbuhan tanaman.";
				INFOPLIST_KEY_NSLocationWhenInUseUsageDescription = "Aplikasi menggunakan lokasi untuk menampilkan informasi cuaca saat ini.";
				INFOPLIST_KEY_NSPhotoLibraryUsageDescription = "Aplikasi membutuhkan akses galeri untuk memilih foto dokumentasi.";
				INFOPLIST_KEY_UIApplicationSceneManifest_Generation = YES;
				INFOPLIST_KEY_UIApplicationSupportsIndirectInputEvents = YES;
				INFOPLIST_KEY_UILaunchScreen_Generation = YES;
				INFOPLIST_KEY_UISupportedInterfaceOrientations_iPad = "UIInterfaceOrientationPortrait UIInterfaceOrientationPortraitUpsideDown UIInterfaceOrientationLandscapeLeft UIInterfaceOrientationLandscapeRight";
				INFOPLIST_KEY_UISupportedInterfaceOrientations_iPhone = "UIInterfaceOrientationPortrait UIInterfaceOrientationLandscapeLeft UIInterfaceOrientationLandscapeRight";
				LD_RUNPATH_SEARCH_PATHS = (
					"$(inherited)",
					"@executable_path/Frameworks",
				);
				MARKETING_VERSION = 1.0;
				PRODUCT_BUNDLE_IDENTIFIER = ss.urbanGrow;
				PRODUCT_NAME = "$(TARGET_NAME)";
				STRING_CATALOG_GENERATE_SYMBOLS = YES;
				SWIFT_APPROACHABLE_CONCURRENCY = YES;
				SWIFT_DEFAULT_ACTOR_ISOLATION = MainActor;
				SWIFT_EMIT_LOC_STRINGS = YES;
				SWIFT_UPCOMING_FEATURE_MEMBER_IMPORT_VISIBILITY = YES;
				SWIFT_VERSION = 5.0;
				TARGETED_DEVICE_FAMILY = "1,2";
			};
			name = Debug;
		};
		FAB823693030E1470021C187 /* Release */ = {
			isa = XCBuildConfiguration;
			buildSettings = {
				ASSETCATALOG_COMPILER_APPICON_NAME = AppIcon;
				ASSETCATALOG_COMPILER_GLOBAL_ACCENT_COLOR_NAME = AccentColor;
				CODE_SIGN_STYLE = Automatic;
				CURRENT_PROJECT_VERSION = 1;
				ENABLE_PREVIEWS = YES;
				GENERATE_INFOPLIST_FILE = YES;
				INFOPLIST_KEY_NSCameraUsageDescription = "Aplikasi membutuhkan akses kamera untuk mendokumentasikan pertumbuhan tanaman.";
				INFOPLIST_KEY_NSLocationWhenInUseUsageDescription = "Aplikasi menggunakan lokasi untuk menampilkan informasi cuaca saat ini.";
				INFOPLIST_KEY_NSPhotoLibraryUsageDescription = "Aplikasi membutuhkan akses galeri untuk memilih foto dokumentasi.";
				INFOPLIST_KEY_UIApplicationSceneManifest_Generation = YES;
				INFOPLIST_KEY_UIApplicationSupportsIndirectInputEvents = YES;
				INFOPLIST_KEY_UILaunchScreen_Generation = YES;
				INFOPLIST_KEY_UISupportedInterfaceOrientations_iPad = "UIInterfaceOrientationPortrait UIInterfaceOrientationPortraitUpsideDown UIInterfaceOrientationLandscapeLeft UIInterfaceOrientationLandscapeRight";
				INFOPLIST_KEY_UISupportedInterfaceOrientations_iPhone = "UIInterfaceOrientationPortrait UIInterfaceOrientationLandscapeLeft UIInterfaceOrientationLandscapeRight";
				LD_RUNPATH_SEARCH_PATHS = (
					"$(inherited)",
					"@executable_path/Frameworks",
				);
				MARKETING_VERSION = 1.0;
				PRODUCT_BUNDLE_IDENTIFIER = ss.urbanGrow;
				PRODUCT_NAME = "$(TARGET_NAME)";
				STRING_CATALOG_GENERATE_SYMBOLS = YES;
				SWIFT_APPROACHABLE_CONCURRENCY = YES;
				SWIFT_DEFAULT_ACTOR_ISOLATION = MainActor;
				SWIFT_EMIT_LOC_STRINGS = YES;
				SWIFT_UPCOMING_FEATURE_MEMBER_IMPORT_VISIBILITY = YES;
				SWIFT_VERSION = 5.0;
				TARGETED_DEVICE_FAMILY = "1,2";
			};
			name = Release;
		};
		FAB8236B3030E1470021C187 /* Debug */ = {
			isa = XCBuildConfiguration;
			buildSettings = {
				BUNDLE_LOADER = "$(TEST_HOST)";
				CODE_SIGN_STYLE = Automatic;
				CURRENT_PROJECT_VERSION = 1;
				GENERATE_INFOPLIST_FILE = YES;
				IPHONEOS_DEPLOYMENT_TARGET = 26.5;
				MARKETING_VERSION = 1.0;
				PRODUCT_BUNDLE_IDENTIFIER = ss.urbanGrowTests;
				PRODUCT_NAME = "$(TARGET_NAME)";
				STRING_CATALOG_GENERATE_SYMBOLS = NO;
				SWIFT_APPROACHABLE_CONCURRENCY = YES;
				SWIFT_EMIT_LOC_STRINGS = NO;
				SWIFT_UPCOMING_FEATURE_MEMBER_IMPORT_VISIBILITY = YES;
				SWIFT_VERSION = 5.0;
				TARGETED_DEVICE_FAMILY = "1,2";
				TEST_HOST = "$(BUILT_PRODUCTS_DIR)/urbanGrow.app/$(BUNDLE_EXECUTABLE_FOLDER_PATH)/urbanGrow";
			};
			name = Debug;
		};
		FAB8236C3030E1470021C187 /* Release */ = {
			isa = XCBuildConfiguration;
			buildSettings = {
				BUNDLE_LOADER = "$(TEST_HOST)";
				CODE_SIGN_STYLE = Automatic;
				CURRENT_PROJECT_VERSION = 1;
				GENERATE_INFOPLIST_FILE = YES;
				IPHONEOS_DEPLOYMENT_TARGET = 26.5;
				MARKETING_VERSION = 1.0;
				PRODUCT_BUNDLE_IDENTIFIER = ss.urbanGrowTests;
				PRODUCT_NAME = "$(TARGET_NAME)";
				STRING_CATALOG_GENERATE_SYMBOLS = NO;
				SWIFT_APPROACHABLE_CONCURRENCY = YES;
				SWIFT_EMIT_LOC_STRINGS = NO;
				SWIFT_UPCOMING_FEATURE_MEMBER_IMPORT_VISIBILITY = YES;
				SWIFT_VERSION = 5.0;
				TARGETED_DEVICE_FAMILY = "1,2";
				TEST_HOST = "$(BUILT_PRODUCTS_DIR)/urbanGrow.app/$(BUNDLE_EXECUTABLE_FOLDER_PATH)/urbanGrow";
			};
			name = Release;
		};
		FAB8236E3030E1470021C187 /* Debug */ = {
			isa = XCBuildConfiguration;
			buildSettings = {
				CODE_SIGN_STYLE = Automatic;
				CURRENT_PROJECT_VERSION = 1;
				GENERATE_INFOPLIST_FILE = YES;
				MARKETING_VERSION = 1.0;
				PRODUCT_BUNDLE_IDENTIFIER = ss.urbanGrowUITests;
				PRODUCT_NAME = "$(TARGET_NAME)";
				STRING_CATALOG_GENERATE_SYMBOLS = NO;
				SWIFT_APPROACHABLE_CONCURRENCY = YES;
				SWIFT_EMIT_LOC_STRINGS = NO;
				SWIFT_UPCOMING_FEATURE_MEMBER_IMPORT_VISIBILITY = YES;
				SWIFT_VERSION = 5.0;
				TARGETED_DEVICE_FAMILY = "1,2";
				TEST_TARGET_NAME = urbanGrow;
			};
			name = Debug;
		};
		FAB8236F3030E1470021C187 /* Release */ = {
			isa = XCBuildConfiguration;
			buildSettings = {
				CODE_SIGN_STYLE = Automatic;
				CURRENT_PROJECT_VERSION = 1;
				GENERATE_INFOPLIST_FILE = YES;
				MARKETING_VERSION = 1.0;
				PRODUCT_BUNDLE_IDENTIFIER = ss.urbanGrowUITests;
				PRODUCT_NAME = "$(TARGET_NAME)";
				STRING_CATALOG_GENERATE_SYMBOLS = NO;
				SWIFT_APPROACHABLE_CONCURRENCY = YES;
				SWIFT_EMIT_LOC_STRINGS = NO;
				SWIFT_UPCOMING_FEATURE_MEMBER_IMPORT_VISIBILITY = YES;
				SWIFT_VERSION = 5.0;
				TARGETED_DEVICE_FAMILY = "1,2";
				TEST_TARGET_NAME = urbanGrow;
			};
			name = Release;
		};
/* End XCBuildConfiguration section */

/* Begin XCConfigurationList section */
		FAB8233F3030E1440021C187 /* Build configuration list for PBXProject "urbanGrow" */ = {
			isa = XCConfigurationList;
			buildConfigurations = (
				FAB823653030E1470021C187 /* Debug */,
				FAB823663030E1470021C187 /* Release */,
			);
			defaultConfigurationIsVisible = 0;
			defaultConfigurationName = Release;
		};
		FAB823673030E1470021C187 /* Build configuration list for PBXNativeTarget "urbanGrow" */ = {
			isa = XCConfigurationList;
			buildConfigurations = (
				FAB823683030E1470021C187 /* Debug */,
				FAB823693030E1470021C187 /* Release */,
			);
			defaultConfigurationIsVisible = 0;
			defaultConfigurationName = Release;
		};
		FAB8236A3030E1470021C187 /* Build configuration list for PBXNativeTarget "urbanGrowTests" */ = {
			isa = XCConfigurationList;
			buildConfigurations = (
				FAB8236B3030E1470021C187 /* Debug */,
				FAB8236C3030E1470021C187 /* Release */,
			);
			defaultConfigurationIsVisible = 0;
			defaultConfigurationName = Release;
		};
		FAB8236D3030E1470021C187 /* Build configuration list for PBXNativeTarget "urbanGrowUITests" */ = {
			isa = XCConfigurationList;
			buildConfigurations = (
				FAB8236E3030E1470021C187 /* Debug */,
				FAB8236F3030E1470021C187 /* Release */,
			);
			defaultConfigurationIsVisible = 0;
			defaultConfigurationName = Release;
		};
/* End XCConfigurationList section */
	};
	rootObject = FAB8233C3030E1440021C187 /* Project object */;
}
